
Microsoft Visual Studio Solution File, Format Version 12.00
# Visual Studio Version 17
VisualStudioVersion = 17.9.34616.47
MinimumVisualStudioVersion = 10.0.40219.1
Project("{FAE04EC0-301F-11D3-BF4B-00C04F79EFBC}") = "AppVoo2", "AppVoo2\AppVoo2.csproj", "{00ED611D-9401-467B-A10D-F4D98892D0DE}"
EndProject
Global
	GlobalSection(SolutionConfigurationPlatforms) = preSolution
		Debug|Any CPU = Debug|Any CPU
		Release|Any CPU = Release|Any CPU
	EndGlobalSection
	GlobalSection(ProjectConfigurationPlatforms) = postSolution
		{00ED611D-9401-467B-A10D-F4D98892D0DE}.Debug|Any CPU.ActiveCfg = Debug|Any CPU
		{00ED611D-9401-467B-A10D-F4D98892D0DE}.Debug|Any CPU.Build.0 = Debug|Any CPU
		{00ED611D-9401-467B-A10D-F4D98892D0DE}.Release|Any CPU.ActiveCfg = Release|Any CPU
		{00ED611D-9401-467B-A10D-F4D98892D0DE}.Release|Any CPU.Build.0 = Release|Any CPU
	EndGlobalSection
	GlobalSection(SolutionProperties) = preSolution
		HideSolutionNode = FALSE
	EndGlobalSection
	GlobalSection(ExtensibilityGlobals) = postSolution
		SolutionGuid = {E8E9BCEB-BE0F-4B7C-B2D2-BAB674ECC45E}
	EndGlobalSection
EndGlobal
